{
  "name": "website",
  "lockfileVersion": 3,
  "requires": true,
  "packages": {
    "": {
      "dependencies": {
        "jscharting": "^3.4.0"
      }
    },
    "node_modules/jscharting": {
      "version": "3.4.0",
      "resolved": "https://registry.npmjs.org/jscharting/-/jscharting-3.4.0.tgz",
      "integrity": "sha512-l8PR+nd2Sw/XnYqw9veB25QcmEPUxP/c7bJ7SJzz0nPgUBsSwBm2cMHOgT8eH2p41liWu/1gsGldIxYuQzQIHw=="
    }
  }
}
